{
  "name": "nodejs-cjs",
  "version": "1.0.0",
  "lockfileVersion": 2,
  "requires": true,
  "packages": {
    "": {
      "name": "nodejs-cjs",
      "version": "1.0.0",
      "license": "MIT",
      "dependencies": {
        "@pandino/loader-configuration-nodejs": "file:../../packages/@pandino/loader-configuration-nodejs",
        "@pandino/pandino": "file:../../packages/@pandino/pandino"
      }
    },
    "../../packages/@pandino/loader-configuration-nodejs": {
      "version": "0.8.14",
      "license": "EPL-2.0",
      "devDependencies": {
        "@pandino/pandino-api": "^0.8.14",
        "@rollup/plugin-node-resolve": "^13.3.0",
        "rollup": "^2.70.1",
        "rollup-plugin-clear": "^2.0.7",
        "rollup-plugin-terser": "^7.0.2",
        "rollup-plugin-ts": "^3.0.2",
        "typescript": "^4.7.4"
      },
      "engines": {
        "node": ">=14.9.0"
      }
    },
    "../../packages/@pandino/pandino": {
      "version": "0.8.14",
      "license": "EPL-2.0",
      "devDependencies": {
        "@pandino/pandino-api": "^0.8.14",
        "@rollup/plugin-node-resolve": "^13.3.0",
        "@types/jest": "^27.4.0",
        "jest": "^27.4.7",
        "rollup": "^2.70.1",
        "rollup-plugin-clear": "^2.0.7",
        "rollup-plugin-terser": "^7.0.2",
        "rollup-plugin-ts": "^3.0.2",
        "ts-jest": "^27.1.2",
        "typescript": "^4.7.4"
      },
      "engines": {
        "node": ">=14.9.0"
      }
    },
    "node_modules/@pandino/loader-configuration-nodejs": {
      "resolved": "../../packages/@pandino/loader-configuration-nodejs",
      "link": true
    },
    "node_modules/@pandino/pandino": {
      "resolved": "../../packages/@pandino/pandino",
      "link": true
    }
  },
  "dependencies": {
    "@pandino/loader-configuration-nodejs": {
      "version": "file:../../packages/@pandino/loader-configuration-nodejs",
      "requires": {
        "@pandino/pandino-api": "^0.8.14",
        "@rollup/plugin-node-resolve": "^13.3.0",
        "rollup": "^2.70.1",
        "rollup-plugin-clear": "^2.0.7",
        "rollup-plugin-terser": "^7.0.2",
        "rollup-plugin-ts": "^3.0.2",
        "typescript": "^4.7.4"
      }
    },
    "@pandino/pandino": {
      "version": "file:../../packages/@pandino/pandino",
      "requires": {
        "@pandino/pandino-api": "^0.8.14",
        "@rollup/plugin-node-resolve": "^13.3.0",
        "@types/jest": "^27.4.0",
        "jest": "^27.4.7",
        "rollup": "^2.70.1",
        "rollup-plugin-clear": "^2.0.7",
        "rollup-plugin-terser": "^7.0.2",
        "rollup-plugin-ts": "^3.0.2",
        "ts-jest": "^27.1.2",
        "typescript": "^4.7.4"
      }
    }
  }
}
