{
  "name": "nodejs-cjs",
  "version": "1.0.0",
  "lockfileVersion": 2,
  "requires": true,
  "packages": {
    "": {
      "name": "nodejs-cjs",
      "version": "1.0.0",
      "license": "MIT",
      "dependencies": {
        "@pandino/loader-configuration-nodejs": "file:../../packages/@pandino/loader-configuration-nodejs",
        "@pandino/pandino": "file:../../packages/@pandino/pandino"
      }
    },
    "../../packages/@pandino/loader-configuration-nodejs": {
      "version": "0.8.30",
      "license": "EPL-2.0",
      "devDependencies": {
        "@pandino/pandino-api": "workspace:^0.8.29",
        "@pandino/rollup-plugin-generate-manifest": "workspace:^0.8.29",
        "@types/node": "^20.9.0",
        "dts-bundle-generator": "^9.3.1",
        "rimraf": "^5.0.5",
        "typescript": "^5.2.2",
        "vite": "^4.5.0"
      },
      "engines": {
        "node": ">=18"
      }
    },
    "../../packages/@pandino/pandino": {
      "version": "0.8.30",
      "license": "EPL-2.0",
      "dependencies": {
        "@pandino/filters": "workspace:^0.8.29"
      },
      "devDependencies": {
        "@pandino/pandino-api": "workspace:^0.8.29",
        "dts-bundle-generator": "^9.3.1",
        "rimraf": "^5.0.5",
        "typescript": "^5.2.2",
        "vite": "^5.1.2",
        "vitest": "^2.1.3"
      },
      "engines": {
        "node": ">=18"
      }
    },
    "node_modules/@pandino/loader-configuration-nodejs": {
      "resolved": "../../packages/@pandino/loader-configuration-nodejs",
      "link": true
    },
    "node_modules/@pandino/pandino": {
      "resolved": "../../packages/@pandino/pandino",
      "link": true
    }
  },
  "dependencies": {
    "@pandino/loader-configuration-nodejs": {
      "version": "file:../../packages/@pandino/loader-configuration-nodejs",
      "requires": {
        "@pandino/pandino-api": "workspace:^0.8.29",
        "@pandino/rollup-plugin-generate-manifest": "workspace:^0.8.29",
        "@types/node": "^20.9.0",
        "dts-bundle-generator": "^9.3.1",
        "rimraf": "^5.0.5",
        "typescript": "^5.2.2",
        "vite": "^4.5.0"
      }
    },
    "@pandino/pandino": {
      "version": "file:../../packages/@pandino/pandino",
      "requires": {
        "@pandino/filters": "workspace:^0.8.29",
        "@pandino/pandino-api": "workspace:^0.8.29",
        "dts-bundle-generator": "^9.3.1",
        "rimraf": "^5.0.5",
        "typescript": "^5.2.2",
        "vite": "^5.1.2",
        "vitest": "^2.1.3"
      }
    }
  }
}
