{
  "name": "nodejs-cjs",
  "version": "1.0.0",
  "lockfileVersion": 2,
  "requires": true,
  "packages": {
    "": {
      "name": "nodejs-cjs",
      "version": "1.0.0",
      "license": "MIT",
      "dependencies": {
        "@pandino/loader-configuration-nodejs": "file:../../packages/@pandino/loader-configuration-nodejs",
        "@pandino/pandino": "file:../../packages/@pandino/pandino"
      }
    },
    "node_modules/@pandino/loader-configuration-nodejs": {
      "version": "0.8.19",
      "resolved": "file:../../packages/@pandino/loader-configuration-nodejs",
      "license": "EPL-2.0",
      "engines": {
        "node": ">=14.9.0"
      }
    },
    "node_modules/@pandino/pandino": {
      "version": "0.8.19",
      "resolved": "file:../../packages/@pandino/pandino",
      "license": "EPL-2.0",
      "engines": {
        "node": ">=14.9.0"
      }
    }
  },
  "dependencies": {
    "@pandino/loader-configuration-nodejs": {
      "version": "0.8.19"
    },
    "@pandino/pandino": {
      "version": "0.8.19"
    }
  }
}
